github.com/chewxy/math32 v1.11.0 h1:8sek2JWqeaKkVnHa7bPVqCEOUPbARo4SGxs6toKyAOo=
github.com/chewxy/math32 v1.11.0/go.mod h1:dOB2rcuFrCn6UHrze36WSLVPKtzPMRAQvBvUwkSsLqs=
github.com/go-gl/gl v0.0.0-20231021071112-07e5d0ea2e71 h1:5BVwOaUSBTlVZowGO6VZGw2H/zl9nrd3eCZfYV+NfQA=
github.com/go-gl/gl v0.0.0-20231021071112-07e5d0ea2e71/go.mod h1:9YTyiznxEY1fVinfM7RvRcjRHbw2xLBJ3AAGIT0I4Nw=
github.com/go-gl/glfw v0.0.0-20221017161538-93cebf72946b h1:2hdUMUOJuLQkhaPAwoyOeSzoaBydYEkXkBEuqDuDBfg=
github.com/go-gl/glfw v0.0.0-20221017161538-93cebf72946b/go.mod h1:wyvWpaEu9B/VQiV1jsPs7Mha9I7yto/HqIBw197ZAzk=
github.com/go-gl/glfw/v3.3/glfw v0.0.0-20221017161538-93cebf72946b h1:GgabKamyOYguHqHjSkDACcgoPIz3w0Dis/zJ1wyHHHU=
github.com/go-gl/glfw/v3.3/glfw v0.0.0-20221017161538-93cebf72946b/go.mod h1:tQ2UAYgL5IevRw8kRxooKSPJfGvJ9fJQFa0TUsXzTg8=
github.com/soypat/glgl v0.0.0-20240825114214-5f981c176edb h1:pcHDn+P2dG5wf0f65OVwbUl0b0auu+RsKNjWsGO2KhI=
github.com/soypat/glgl v0.0.0-20240825114214-5f981c176edb/go.mod h1:ltzeLFgrGFBm2SBy10lH5IonqEdg9IkL30yam6QHMRs=
github.com/soypat/glgl v0.0.0-20240825222736-8a9aeb4f4a8f h1:TzJXvi/Y8E96YM8ZzTk8gtD5J6EJOOras1q617qoAAQ=
github.com/soypat/glgl v0.0.0-20240825222736-8a9aeb4f4a8f/go.mod h1:ltzeLFgrGFBm2SBy10lH5IonqEdg9IkL30yam6QHMRs=
github.com/soypat/glgl v0.0.0-20240831170050-86f4279df7c9 h1:uEm1bHTWa8mY77k/VVaUcCyKn/ZtpLXMN5Xg4eCrsMw=
github.com/soypat/glgl v0.0.0-20240831170050-86f4279df7c9/go.mod h1:ltzeLFgrGFBm2SBy10lH5IonqEdg9IkL30yam6QHMRs=
golang.org/x/exp v0.0.0-20221230185412-738e83a70c30 h1:m9O6OTJ627iFnN2JIWfdqlZCzneRO6EEBsHXI25P8ws=
golang.org/x/exp v0.0.0-20221230185412-738e83a70c30/go.mod h1:CxIveKay+FTh1D0yPZemJVgC/95VzuuOLq5Qi4xnoYc=
